
Microsoft Visual Studio Solution File, Format Version 12.00
# Visual Studio Version 17
VisualStudioVersion = 17.9.34728.123
MinimumVisualStudioVersion = 10.0.40219.1
Project("{FAE04EC0-301F-11D3-BF4B-00C04F79EFBC}") = "VNKeys", "VNKeys\VNKeys.csproj", "{353D084D-E3D1-4CEC-9449-702ACB3A00C9}"
EndProject
Global
	GlobalSection(SolutionConfigurationPlatforms) = preSolution
		Debug|Any CPU = Debug|Any CPU
		Release|Any CPU = Release|Any CPU
	EndGlobalSection
	GlobalSection(ProjectConfigurationPlatforms) = postSolution
		{353D084D-E3D1-4CEC-9449-702ACB3A00C9}.Debug|Any CPU.ActiveCfg = Debug|Any CPU
		{353D084D-E3D1-4CEC-9449-702ACB3A00C9}.Debug|Any CPU.Build.0 = Debug|Any CPU
		{353D084D-E3D1-4CEC-9449-702ACB3A00C9}.Release|Any CPU.ActiveCfg = Release|Any CPU
		{353D084D-E3D1-4CEC-9449-702ACB3A00C9}.Release|Any CPU.Build.0 = Release|Any CPU
	EndGlobalSection
	GlobalSection(SolutionProperties) = preSolution
		HideSolutionNode = FALSE
	EndGlobalSection
	GlobalSection(ExtensibilityGlobals) = postSolution
		SolutionGuid = {8C1B5EAA-F725-4F10-A924-DEBBC4B29581}
	EndGlobalSection
EndGlobal
